
Microsoft Visual Studio Solution File, Format Version 12.00
# Visual Studio 15
VisualStudioVersion = 15.0.27703.2000
MinimumVisualStudioVersion = 10.0.40219.1
Project("{FAE04EC0-301F-11D3-BF4B-00C04F79EFBC}") = "SpyStore.DAL", "SpyStore.DAL\SpyStore.DAL.csproj", "{9EE52824-CDF0-4C2C-AC8D-116E1CC189FC}"
EndProject
Project("{FAE04EC0-301F-11D3-BF4B-00C04F79EFBC}") = "SpyStore.Models", "SpyStore.Models\SpyStore.Models.csproj", "{4DEA1C1C-707C-4DCB-B8D0-0C431DF13BDC}"
EndProject
Project("{FAE04EC0-301F-11D3-BF4B-00C04F79EFBC}") = "SpyStore.DAL.Tests", "SpyStore.DAL.Tests\SpyStore.DAL.Tests.csproj", "{EE7F6369-3BAB-46D8-975B-1CB4AFEB26A7}"
EndProject
Global
	GlobalSection(SolutionConfigurationPlatforms) = preSolution
		Debug|Any CPU = Debug|Any CPU
		Release|Any CPU = Release|Any CPU
	EndGlobalSection
	GlobalSection(ProjectConfigurationPlatforms) = postSolution
		{9EE52824-CDF0-4C2C-AC8D-116E1CC189FC}.Debug|Any CPU.ActiveCfg = Debug|Any CPU
		{9EE52824-CDF0-4C2C-AC8D-116E1CC189FC}.Debug|Any CPU.Build.0 = Debug|Any CPU
		{9EE52824-CDF0-4C2C-AC8D-116E1CC189FC}.Release|Any CPU.ActiveCfg = Release|Any CPU
		{9EE52824-CDF0-4C2C-AC8D-116E1CC189FC}.Release|Any CPU.Build.0 = Release|Any CPU
		{4DEA1C1C-707C-4DCB-B8D0-0C431DF13BDC}.Debug|Any CPU.ActiveCfg = Debug|Any CPU
		{4DEA1C1C-707C-4DCB-B8D0-0C431DF13BDC}.Debug|Any CPU.Build.0 = Debug|Any CPU
		{4DEA1C1C-707C-4DCB-B8D0-0C431DF13BDC}.Release|Any CPU.ActiveCfg = Release|Any CPU
		{4DEA1C1C-707C-4DCB-B8D0-0C431DF13BDC}.Release|Any CPU.Build.0 = Release|Any CPU
		{EE7F6369-3BAB-46D8-975B-1CB4AFEB26A7}.Debug|Any CPU.ActiveCfg = Debug|Any CPU
		{EE7F6369-3BAB-46D8-975B-1CB4AFEB26A7}.Debug|Any CPU.Build.0 = Debug|Any CPU
		{EE7F6369-3BAB-46D8-975B-1CB4AFEB26A7}.Release|Any CPU.ActiveCfg = Release|Any CPU
		{EE7F6369-3BAB-46D8-975B-1CB4AFEB26A7}.Release|Any CPU.Build.0 = Release|Any CPU
	EndGlobalSection
	GlobalSection(SolutionProperties) = preSolution
		HideSolutionNode = FALSE
	EndGlobalSection
	GlobalSection(ExtensibilityGlobals) = postSolution
		SolutionGuid = {7B4A2D89-C157-4B74-BA2F-BB6713C525BE}
	EndGlobalSection
EndGlobal
