
Microsoft Visual Studio Solution File, Format Version 12.00
# Visual Studio 15
VisualStudioVersion = 15.0.27004.2009
MinimumVisualStudioVersion = 10.0.40219.1
Project("{FAE04EC0-301F-11D3-BF4B-00C04F79EFBC}") = "LinkedList", "LinkedList\LinkedList.csproj", "{BD4F2358-B411-474B-AC19-C9449EB9A67B}"
EndProject
Global
	GlobalSection(SolutionConfigurationPlatforms) = preSolution
		Debug|Any CPU = Debug|Any CPU
		Release|Any CPU = Release|Any CPU
	EndGlobalSection
	GlobalSection(ProjectConfigurationPlatforms) = postSolution
		{BD4F2358-B411-474B-AC19-C9449EB9A67B}.Debug|Any CPU.ActiveCfg = Debug|Any CPU
		{BD4F2358-B411-474B-AC19-C9449EB9A67B}.Debug|Any CPU.Build.0 = Debug|Any CPU
		{BD4F2358-B411-474B-AC19-C9449EB9A67B}.Release|Any CPU.ActiveCfg = Release|Any CPU
		{BD4F2358-B411-474B-AC19-C9449EB9A67B}.Release|Any CPU.Build.0 = Release|Any CPU
	EndGlobalSection
	GlobalSection(SolutionProperties) = preSolution
		HideSolutionNode = FALSE
	EndGlobalSection
	GlobalSection(ExtensibilityGlobals) = postSolution
		SolutionGuid = {C64C2335-7C3A-4C46-A848-9E5EFDC969BD}
	EndGlobalSection
EndGlobal
