
Microsoft Visual Studio Solution File, Format Version 12.00
# Visual Studio 15
VisualStudioVersion = 15.0.27703.2000
MinimumVisualStudioVersion = 10.0.40219.1
Project("{FAE04EC0-301F-11D3-BF4B-00C04F79EFBC}") = "Contact", "Contact\Contact.csproj", "{D6A58B36-DB9F-4338-9326-D57434104793}"
EndProject
Global
	GlobalSection(SolutionConfigurationPlatforms) = preSolution
		Debug|Any CPU = Debug|Any CPU
		Release|Any CPU = Release|Any CPU
	EndGlobalSection
	GlobalSection(ProjectConfigurationPlatforms) = postSolution
		{D6A58B36-DB9F-4338-9326-D57434104793}.Debug|Any CPU.ActiveCfg = Debug|Any CPU
		{D6A58B36-DB9F-4338-9326-D57434104793}.Debug|Any CPU.Build.0 = Debug|Any CPU
		{D6A58B36-DB9F-4338-9326-D57434104793}.Release|Any CPU.ActiveCfg = Release|Any CPU
		{D6A58B36-DB9F-4338-9326-D57434104793}.Release|Any CPU.Build.0 = Release|Any CPU
	EndGlobalSection
	GlobalSection(SolutionProperties) = preSolution
		HideSolutionNode = FALSE
	EndGlobalSection
	GlobalSection(ExtensibilityGlobals) = postSolution
		SolutionGuid = {D92BA33C-464B-4C7D-B125-29AEE4898766}
	EndGlobalSection
EndGlobal
