
Microsoft Visual Studio Solution File, Format Version 12.00
# Visual Studio 15
VisualStudioVersion = 15.0.27703.2000
MinimumVisualStudioVersion = 10.0.40219.1
Project("{FAE04EC0-301F-11D3-BF4B-00C04F79EFBC}") = "Singleton", "Singleton\Singleton.csproj", "{E9316406-01F6-42E3-B345-3FD4816B73F1}"
EndProject
Global
	GlobalSection(SolutionConfigurationPlatforms) = preSolution
		Debug|Any CPU = Debug|Any CPU
		Release|Any CPU = Release|Any CPU
	EndGlobalSection
	GlobalSection(ProjectConfigurationPlatforms) = postSolution
		{E9316406-01F6-42E3-B345-3FD4816B73F1}.Debug|Any CPU.ActiveCfg = Debug|Any CPU
		{E9316406-01F6-42E3-B345-3FD4816B73F1}.Debug|Any CPU.Build.0 = Debug|Any CPU
		{E9316406-01F6-42E3-B345-3FD4816B73F1}.Release|Any CPU.ActiveCfg = Release|Any CPU
		{E9316406-01F6-42E3-B345-3FD4816B73F1}.Release|Any CPU.Build.0 = Release|Any CPU
	EndGlobalSection
	GlobalSection(SolutionProperties) = preSolution
		HideSolutionNode = FALSE
	EndGlobalSection
	GlobalSection(ExtensibilityGlobals) = postSolution
		SolutionGuid = {D13FC015-A870-400E-8258-C0F52DCF0DE5}
	EndGlobalSection
EndGlobal
