
Microsoft Visual Studio Solution File, Format Version 12.00
# Visual Studio 15
VisualStudioVersion = 15.0.28307.645
MinimumVisualStudioVersion = 10.0.40219.1
Project("{FAE04EC0-301F-11D3-BF4B-00C04F79EFBC}") = "Sports", "Sports\Sports.csproj", "{5D951D6F-0120-423B-9F68-347FD483ED28}"
EndProject
Global
	GlobalSection(SolutionConfigurationPlatforms) = preSolution
		Debug|Any CPU = Debug|Any CPU
		Release|Any CPU = Release|Any CPU
	EndGlobalSection
	GlobalSection(ProjectConfigurationPlatforms) = postSolution
		{5D951D6F-0120-423B-9F68-347FD483ED28}.Debug|Any CPU.ActiveCfg = Debug|Any CPU
		{5D951D6F-0120-423B-9F68-347FD483ED28}.Debug|Any CPU.Build.0 = Debug|Any CPU
		{5D951D6F-0120-423B-9F68-347FD483ED28}.Release|Any CPU.ActiveCfg = Release|Any CPU
		{5D951D6F-0120-423B-9F68-347FD483ED28}.Release|Any CPU.Build.0 = Release|Any CPU
	EndGlobalSection
	GlobalSection(SolutionProperties) = preSolution
		HideSolutionNode = FALSE
	EndGlobalSection
	GlobalSection(ExtensibilityGlobals) = postSolution
		SolutionGuid = {E63CD965-57E2-43B1-82DD-469BD6FAB6E9}
	EndGlobalSection
EndGlobal
