
Microsoft Visual Studio Solution File, Format Version 12.00
# Visual Studio 15
VisualStudioVersion = 15.0.28307.572
MinimumVisualStudioVersion = 10.0.40219.1
Project("{FAE04EC0-301F-11D3-BF4B-00C04F79EFBC}") = "SSIC", "SSIC\SSIC.csproj", "{133759A2-7591-493C-B6C6-7CF0732A2484}"
EndProject
Global
	GlobalSection(SolutionConfigurationPlatforms) = preSolution
		Debug|Any CPU = Debug|Any CPU
		Release|Any CPU = Release|Any CPU
	EndGlobalSection
	GlobalSection(ProjectConfigurationPlatforms) = postSolution
		{133759A2-7591-493C-B6C6-7CF0732A2484}.Debug|Any CPU.ActiveCfg = Debug|Any CPU
		{133759A2-7591-493C-B6C6-7CF0732A2484}.Debug|Any CPU.Build.0 = Debug|Any CPU
		{133759A2-7591-493C-B6C6-7CF0732A2484}.Release|Any CPU.ActiveCfg = Release|Any CPU
		{133759A2-7591-493C-B6C6-7CF0732A2484}.Release|Any CPU.Build.0 = Release|Any CPU
	EndGlobalSection
	GlobalSection(SolutionProperties) = preSolution
		HideSolutionNode = FALSE
	EndGlobalSection
	GlobalSection(ExtensibilityGlobals) = postSolution
		SolutionGuid = {F7CD89EA-53A7-4F45-A8DC-0DD3A66DD4D2}
	EndGlobalSection
EndGlobal
