
Microsoft Visual Studio Solution File, Format Version 12.00
# Visual Studio 15
VisualStudioVersion = 15.0.28307.168
MinimumVisualStudioVersion = 10.0.40219.1
Project("{FAE04EC0-301F-11D3-BF4B-00C04F79EFBC}") = "WebApplication2", "WebApplication2\WebApplication2.csproj", "{AC27CD7A-4A2C-48BA-B3EC-D4C46279C42E}"
EndProject
Global
	GlobalSection(SolutionConfigurationPlatforms) = preSolution
		Debug|Any CPU = Debug|Any CPU
		Release|Any CPU = Release|Any CPU
	EndGlobalSection
	GlobalSection(ProjectConfigurationPlatforms) = postSolution
		{AC27CD7A-4A2C-48BA-B3EC-D4C46279C42E}.Debug|Any CPU.ActiveCfg = Debug|Any CPU
		{AC27CD7A-4A2C-48BA-B3EC-D4C46279C42E}.Debug|Any CPU.Build.0 = Debug|Any CPU
		{AC27CD7A-4A2C-48BA-B3EC-D4C46279C42E}.Release|Any CPU.ActiveCfg = Release|Any CPU
		{AC27CD7A-4A2C-48BA-B3EC-D4C46279C42E}.Release|Any CPU.Build.0 = Release|Any CPU
	EndGlobalSection
	GlobalSection(SolutionProperties) = preSolution
		HideSolutionNode = FALSE
	EndGlobalSection
	GlobalSection(ExtensibilityGlobals) = postSolution
		SolutionGuid = {FA7703DD-652A-422D-B7E3-9130C8917314}
	EndGlobalSection
EndGlobal
