
Microsoft Visual Studio Solution File, Format Version 12.00
# Visual Studio 15
VisualStudioVersion = 15.0.27703.2000
MinimumVisualStudioVersion = 10.0.40219.1
Project("{FAE04EC0-301F-11D3-BF4B-00C04F79EFBC}") = "AspNetCoreVideo", "AspNetCoreVideo\AspNetCoreVideo.csproj", "{AE4C1A45-A8C0-4633-8FEA-DF3942FD3EA7}"
EndProject
Global
	GlobalSection(SolutionConfigurationPlatforms) = preSolution
		Debug|Any CPU = Debug|Any CPU
		Release|Any CPU = Release|Any CPU
	EndGlobalSection
	GlobalSection(ProjectConfigurationPlatforms) = postSolution
		{AE4C1A45-A8C0-4633-8FEA-DF3942FD3EA7}.Debug|Any CPU.ActiveCfg = Debug|Any CPU
		{AE4C1A45-A8C0-4633-8FEA-DF3942FD3EA7}.Debug|Any CPU.Build.0 = Debug|Any CPU
		{AE4C1A45-A8C0-4633-8FEA-DF3942FD3EA7}.Release|Any CPU.ActiveCfg = Release|Any CPU
		{AE4C1A45-A8C0-4633-8FEA-DF3942FD3EA7}.Release|Any CPU.Build.0 = Release|Any CPU
	EndGlobalSection
	GlobalSection(SolutionProperties) = preSolution
		HideSolutionNode = FALSE
	EndGlobalSection
	GlobalSection(ExtensibilityGlobals) = postSolution
		SolutionGuid = {1A4658BD-5C25-4345-8E04-5ECBD0D9F234}
	EndGlobalSection
EndGlobal
