
Microsoft Visual Studio Solution File, Format Version 12.00
# Visual Studio 15
VisualStudioVersion = 15.0.28307.168
MinimumVisualStudioVersion = 10.0.40219.1
Project("{FAE04EC0-301F-11D3-BF4B-00C04F79EFBC}") = "CourseApp", "CourseApp\CourseApp.csproj", "{F734D136-0DA5-45A1-8D61-68F5B3BAE259}"
EndProject
Global
	GlobalSection(SolutionConfigurationPlatforms) = preSolution
		Debug|Any CPU = Debug|Any CPU
		Release|Any CPU = Release|Any CPU
	EndGlobalSection
	GlobalSection(ProjectConfigurationPlatforms) = postSolution
		{F734D136-0DA5-45A1-8D61-68F5B3BAE259}.Debug|Any CPU.ActiveCfg = Debug|Any CPU
		{F734D136-0DA5-45A1-8D61-68F5B3BAE259}.Debug|Any CPU.Build.0 = Debug|Any CPU
		{F734D136-0DA5-45A1-8D61-68F5B3BAE259}.Release|Any CPU.ActiveCfg = Release|Any CPU
		{F734D136-0DA5-45A1-8D61-68F5B3BAE259}.Release|Any CPU.Build.0 = Release|Any CPU
	EndGlobalSection
	GlobalSection(SolutionProperties) = preSolution
		HideSolutionNode = FALSE
	EndGlobalSection
	GlobalSection(ExtensibilityGlobals) = postSolution
		SolutionGuid = {3AAF4168-B264-4EA6-A2B7-791FF473E5C5}
	EndGlobalSection
EndGlobal
